<?xml version="1.0" encoding="utf-8"?>
<Project ToolsVersion="Current" xmlns="http://schemas.microsoft.com/developer/msbuild/2003">
  <ItemGroup>
    <Filter Include="Source Files">
      <UniqueIdentifier>{4FC737F1-C7A5-4376-A066-2A32D752A2FF}</UniqueIdentifier>
      <Extensions>cpp;c;cc;cxx;c++;cppm;ixx;def;odl;idl;hpj;bat;asm;asmx</Extensions>
    </Filter>
    <Filter Include="Header Files">
      <UniqueIdentifier>{93995380-89BD-4b04-88EB-625FBE52EBFB}</UniqueIdentifier>
      <Extensions>h;hh;hpp;hxx;h++;hm;inl;inc;ipp;xsd</Extensions>
    </Filter>
    <Filter Include="Resource Files">
      <UniqueIdentifier>{67DA6AB6-F800-4c08-8B7A-83BB121AAD01}</UniqueIdentifier>
      <Extensions>rc;ico;cur;bmp;dlg;rc2;rct;bin;rgs;gif;jpg;jpeg;jpe;resx;tiff;tif;png;wav;mfcribbon-ms</Extensions>
    </Filter>
    <Filter Include="Header Files\core">
      <UniqueIdentifier>{e2264ae8-f8f3-462b-8c29-a9ef5024569a}</UniqueIdentifier>
    </Filter>
    <Filter Include="Source Files\core">
      <UniqueIdentifier>{4c018a04-c910-47f9-a000-726d9a8107ce}</UniqueIdentifier>
    </Filter>
    <Filter Include="Source Files\rendering">
      <UniqueIdentifier>{1154cddb-01f2-458b-9e87-ade6b16d54d7}</UniqueIdentifier>
    </Filter>
    <Filter Include="Header Files\rendering">
      <UniqueIdentifier>{b5eb1cfa-5e78-414d-9b69-25a24e35fc95}</UniqueIdentifier>
    </Filter>
    <Filter Include="Header Files\window">
      <UniqueIdentifier>{8ba283ba-f59a-47ed-8745-3c910f8393a1}</UniqueIdentifier>
    </Filter>
    <Filter Include="Source Files\window">
      <UniqueIdentifier>{a5cd3c1a-fe55-46c9-b62e-ca9680de32ce}</UniqueIdentifier>
    </Filter>
    <Filter Include="Resource Files\modelApp">
      <UniqueIdentifier>{ad176066-e4a8-4735-9aff-7f6cf479a64f}</UniqueIdentifier>
    </Filter>
    <Filter Include="Resource Files\computeApp">
      <UniqueIdentifier>{df05de16-9872-4242-8187-b091da7a2434}</UniqueIdentifier>
    </Filter>
    <Filter Include="Source Files\examples">
      <UniqueIdentifier>{398b731a-7518-4203-90a8-a8e47d06e8a8}</UniqueIdentifier>
    </Filter>
    <Filter Include="Header Files\examples">
      <UniqueIdentifier>{701ad9ca-6277-4bc5-a706-5f574eb8f70b}</UniqueIdentifier>
    </Filter>
    <Filter Include="Header Files\imgui">
      <UniqueIdentifier>{b0ea4d58-7928-4833-8464-ae5ab066b4b5}</UniqueIdentifier>
    </Filter>
    <Filter Include="Source Files\imgui">
      <UniqueIdentifier>{1d63f439-646b-4268-8d60-2ad45f9ad7d6}</UniqueIdentifier>
    </Filter>
  </ItemGroup>
  <ItemGroup>
    <ClCompile Include="src\main.cpp">
      <Filter>Source Files</Filter>
    </ClCompile>
    <ClCompile Include="src\core\descriptors.cpp">
      <Filter>Source Files\core</Filter>
    </ClCompile>
    <ClCompile Include="src\core\device.cpp">
      <Filter>Source Files\core</Filter>
    </ClCompile>
    <ClCompile Include="src\rendering\pipeline.cpp">
      <Filter>Source Files\rendering</Filter>
    </ClCompile>
    <ClCompile Include="src\rendering\renderer.cpp">
      <Filter>Source Files\rendering</Filter>
    </ClCompile>
    <ClCompile Include="src\rendering\swapchain.cpp">
      <Filter>Source Files\rendering</Filter>
    </ClCompile>
    <ClCompile Include="src\window\eventSystem.cpp">
      <Filter>Source Files\window</Filter>
    </ClCompile>
    <ClCompile Include="src\window\window.cpp">
      <Filter>Source Files\window</Filter>
    </ClCompile>
    <ClCompile Include="src\examples\computeApp.cpp">
      <Filter>Source Files\examples</Filter>
    </ClCompile>
    <ClCompile Include="src\examples\modelApp.cpp">
      <Filter>Source Files\examples</Filter>
    </ClCompile>
    <ClCompile Include="src\examples\engineApp.cpp">
      <Filter>Source Files\examples</Filter>
    </ClCompile>
    <ClCompile Include="..\Dependencies\imgui\imgui.cpp">
      <Filter>Source Files\imgui</Filter>
    </ClCompile>
    <ClCompile Include="..\Dependencies\imgui\imgui_demo.cpp">
      <Filter>Source Files\imgui</Filter>
    </ClCompile>
    <ClCompile Include="..\Dependencies\imgui\imgui_draw.cpp">
      <Filter>Source Files\imgui</Filter>
    </ClCompile>
    <ClCompile Include="..\Dependencies\imgui\imgui_tables.cpp">
      <Filter>Source Files\imgui</Filter>
    </ClCompile>
    <ClCompile Include="..\Dependencies\imgui\imgui_widgets.cpp">
      <Filter>Source Files\imgui</Filter>
    </ClCompile>
    <ClCompile Include="..\Dependencies\imgui\backends\imgui_impl_glfw.cpp">
      <Filter>Source Files\imgui</Filter>
    </ClCompile>
    <ClCompile Include="..\Dependencies\imgui\backends\imgui_impl_vulkan.cpp">
      <Filter>Source Files\imgui</Filter>
    </ClCompile>
  </ItemGroup>
  <ItemGroup>
    <ClInclude Include="include\core\application.hpp">
      <Filter>Header Files\core</Filter>
    </ClInclude>
    <ClInclude Include="include\core\descriptors.hpp">
      <Filter>Header Files\core</Filter>
    </ClInclude>
    <ClInclude Include="include\core\device.hpp">
      <Filter>Header Files\core</Filter>
    </ClInclude>
    <ClInclude Include="include\rendering\pipeline.hpp">
      <Filter>Header Files\rendering</Filter>
    </ClInclude>
    <ClInclude Include="include\rendering\renderer.hpp">
      <Filter>Header Files\rendering</Filter>
    </ClInclude>
    <ClInclude Include="include\rendering\swapchain.hpp">
      <Filter>Header Files\rendering</Filter>
    </ClInclude>
    <ClInclude Include="include\window\eventSystem.hpp">
      <Filter>Header Files\window</Filter>
    </ClInclude>
    <ClInclude Include="include\window\window.hpp">
      <Filter>Header Files\window</Filter>
    </ClInclude>
    <ClInclude Include="include\examples\computeApp.hpp">
      <Filter>Header Files\examples</Filter>
    </ClInclude>
    <ClInclude Include="include\examples\modelApp.hpp">
      <Filter>Header Files\examples</Filter>
    </ClInclude>
    <ClInclude Include="include\examples\engineApp.hpp">
      <Filter>Header Files\examples</Filter>
    </ClInclude>
    <ClInclude Include="include\window\ui.hpp">
      <Filter>Header Files\window</Filter>
    </ClInclude>
    <ClInclude Include="..\Dependencies\imgui\backends\imgui_impl_glfw.h">
      <Filter>Header Files\imgui</Filter>
    </ClInclude>
    <ClInclude Include="..\Dependencies\imgui\backends\imgui_impl_vulkan.h">
      <Filter>Header Files\imgui</Filter>
    </ClInclude>
    <ClInclude Include="..\Dependencies\imgui\imconfig.h">
      <Filter>Header Files\imgui</Filter>
    </ClInclude>
    <ClInclude Include="..\Dependencies\imgui\imgui.h">
      <Filter>Header Files\imgui</Filter>
    </ClInclude>
    <ClInclude Include="..\Dependencies\imgui\imgui_internal.h">
      <Filter>Header Files\imgui</Filter>
    </ClInclude>
    <ClInclude Include="..\Dependencies\imgui\imstb_rectpack.h">
      <Filter>Header Files\imgui</Filter>
    </ClInclude>
    <ClInclude Include="..\Dependencies\imgui\imstb_textedit.h">
      <Filter>Header Files\imgui</Filter>
    </ClInclude>
    <ClInclude Include="..\Dependencies\imgui\imstb_truetype.h">
      <Filter>Header Files\imgui</Filter>
    </ClInclude>
  </ItemGroup>
  <ItemGroup>
    <None Include="res\shaders\modelApp\main.frag">
      <Filter>Resource Files\modelApp</Filter>
    </None>
    <None Include="res\shaders\modelApp\main.vert">
      <Filter>Resource Files\modelApp</Filter>
    </None>
    <None Include="res\shaders\computeApp\main.comp">
      <Filter>Resource Files\computeApp</Filter>
    </None>
    <None Include="res\shaders\computeApp\main.frag">
      <Filter>Resource Files\computeApp</Filter>
    </None>
    <None Include="res\shaders\computeApp\main.vert">
      <Filter>Resource Files\computeApp</Filter>
    </None>
  </ItemGroup>
</Project>